// !$*UTF8*$!
{
	archiveVersion = 1;
	classes = {
	};
	objectVersion = 77;
	objects = {

/* Begin PBXBuildFile section */
		03BD1322CEA0EA3C206792D8 /* GeneralSettingsView.swift in Sources */ = {isa = PBXBuildFile; fileRef = 86BB9B94B395BE9C2266BF2F /* GeneralSettingsView.swift */; };
		07405893A82C7CDCA8614347 /* Assets.xcassets in Resources */ = {isa = PBXBuildFile; fileRef = AB8722D370AD74770468379D /* Assets.xcassets */; };
		0C21964B09654F5C2666C05E /* LegacyClipboardItem.swift in Sources */ = {isa = PBXBuildFile; fileRef = 4D31AEF245A8500967FD8ABB /* LegacyClipboardItem.swift */; };
		0CD787342600584EA796B669 /* TrialManager.swift in Sources */ = {isa = PBXBuildFile; fileRef = 988A1610603A4F3DABC25478 /* TrialManager.swift */; };
		10ED25336F6368C4D061E8C6 /* ClipboardMonitor.swift in Sources */ = {isa = PBXBuildFile; fileRef = 98EA024BCCA190660DE36CE0 /* ClipboardMonitor.swift */; };
		13AE830141633D0E17611CC9 /* ClipboardMigration.swift in Sources */ = {isa = PBXBuildFile; fileRef = 18FF863ED71FDBE116D2D759 /* ClipboardMigration.swift */; };
		18B914CE5F3DD4A352269353 /* HotkeyRecorderView.swift in Sources */ = {isa = PBXBuildFile; fileRef = 5ADB0D8C46670B9E8F1B67A8 /* HotkeyRecorderView.swift */; };
		1DC62D1D2745328DB77C4421 /* Notifications.swift in Sources */ = {isa = PBXBuildFile; fileRef = 0F5A0B2DFE8E78A0497DE0A4 /* Notifications.swift */; };
		211BDD99F886E7590BE13A8E /* AboutSettingsView.swift in Sources */ = {isa = PBXBuildFile; fileRef = 72D38A0D5D49CAA9F1A4419C /* AboutSettingsView.swift */; };
		233E720F4358B5BA58F1CD0B /* HotkeyManager.swift in Sources */ = {isa = PBXBuildFile; fileRef = 252AECFD0C49802E4F197FEC /* HotkeyManager.swift */; };
		23E8305A5D49348DDED051A4 /* ServiceManagement.framework in Frameworks */ = {isa = PBXBuildFile; fileRef = F8758C63AA816832764F2043 /* ServiceManagement.framework */; };
		340EC864C860F3D0F724F271 /* main.swift in Sources */ = {isa = PBXBuildFile; fileRef = 22D1F8CFB59A151FB042BEB6 /* main.swift */; };
		3537F0CBF436C85F70FA9288 /* MenuBarManager.swift in Sources */ = {isa = PBXBuildFile; fileRef = BE1B33F7E9EF3F45381A3B2B /* MenuBarManager.swift */; };
		36E86F2188D0CBA7BA4D402B /* ImageTransforms.swift in Sources */ = {isa = PBXBuildFile; fileRef = CADE6965A34882FA76B8FE89 /* ImageTransforms.swift */; };
		3C9715A9ADD898F8DEC1AB62 /* SmokeTests.swift in Sources */ = {isa = PBXBuildFile; fileRef = 5AAC8B5CB7445D1E6B14899B /* SmokeTests.swift */; };
		42768796D6C8E0D6A12BD830 /* Foundation.framework in Frameworks */ = {isa = PBXBuildFile; fileRef = 0C6A59EE77E7406B797E74A2 /* Foundation.framework */; };
		464AB6DC1E4AA9F3EF0229F4 /* SettingsView.swift in Sources */ = {isa = PBXBuildFile; fileRef = 9234AAFE290C57FDE0FB78F8 /* SettingsView.swift */; };
		4852AE51BAB98172933F36AF /* CleanupTransforms.swift in Sources */ = {isa = PBXBuildFile; fileRef = 206650306DE75178F63F72E5 /* CleanupTransforms.swift */; };
		4FB1C238201EF23819C7576F /* CaseTransforms.swift in Sources */ = {isa = PBXBuildFile; fileRef = 405816998C0516ABD02E3EA5 /* CaseTransforms.swift */; };
		5332EC427A7577BC774CBC30 /* JSONTransforms.swift in Sources */ = {isa = PBXBuildFile; fileRef = 9DA7DEADB4144664958C7845 /* JSONTransforms.swift */; };
		55309C6144D563297EA066CD /* LaunchAtLoginManager.swift in Sources */ = {isa = PBXBuildFile; fileRef = 9C81123429DA8F08940306AC /* LaunchAtLoginManager.swift */; };
		5C4E8677C90D38DCE7AD5D59 /* ClipboardStore.swift in Sources */ = {isa = PBXBuildFile; fileRef = 07A94AD7A9C0604D08B842FA /* ClipboardStore.swift */; };
		639937388E0DA8F8A87D17B5 /* SettingsWindowController.swift in Sources */ = {isa = PBXBuildFile; fileRef = 497B06AB9E1C80977587F03C /* SettingsWindowController.swift */; };
		673EC848BD72B21679BC33DB /* AppKit.framework in Frameworks */ = {isa = PBXBuildFile; fileRef = 1A9DE6005451FB0043006828 /* AppKit.framework */; };
		68C4134F124CC338F0D3C814 /* WhitespaceTransforms.swift in Sources */ = {isa = PBXBuildFile; fileRef = BC8FD990DF3BF88CE1E8B306 /* WhitespaceTransforms.swift */; };
		6C753C09746911A0AD935C4B /* ClipboardItem.swift in Sources */ = {isa = PBXBuildFile; fileRef = 4F6E7D0DCEC47B20359A28A1 /* ClipboardItem.swift */; };
		6F2F5F32E018AFDCF7D9E2A6 /* WhatsNewWindowController.swift in Sources */ = {isa = PBXBuildFile; fileRef = 61E8D2209E6F7B00DD9FE504 /* WhatsNewWindowController.swift */; };
		7CC8C7921B547CD879CC6744 /* TransformPickerView.swift in Sources */ = {isa = PBXBuildFile; fileRef = E14B176F759EFA9AB5D42406 /* TransformPickerView.swift */; };
		80A0153929730092F80F58BD /* PasteEngine.swift in Sources */ = {isa = PBXBuildFile; fileRef = 36695DA641B3C931651BFDEC /* PasteEngine.swift */; };
		8FA487FFE047E607F10E4F32 /* Transform.swift in Sources */ = {isa = PBXBuildFile; fileRef = D5C42098CBDBF783A7B887BE /* Transform.swift */; };
		8FE01F40B1F461B734E36421 /* ListTransforms.swift in Sources */ = {isa = PBXBuildFile; fileRef = AA61738337E4369F78AAFB73 /* ListTransforms.swift */; };
		900E818E852CF81ADDA6AF59 /* ClipboardStoreTests.swift in Sources */ = {isa = PBXBuildFile; fileRef = 883C0E0540370662D042B67A /* ClipboardStoreTests.swift */; };
		9281E15530C2905396A38C57 /* TransformRegistry.swift in Sources */ = {isa = PBXBuildFile; fileRef = B75544001AF733AFAAA0014D /* TransformRegistry.swift */; };
		989AD24250841C51BA711B55 /* CodeTransforms.swift in Sources */ = {isa = PBXBuildFile; fileRef = D8C1302B2401F121B1FB4F20 /* CodeTransforms.swift */; };
		A716C9D9EA74A355B3A21704 /* TransformSettingsView.swift in Sources */ = {isa = PBXBuildFile; fileRef = 745DE6446393891754A48B11 /* TransformSettingsView.swift */; };
		B2E1CFEF13F2C256B9BF84B1 /* ContentDetector.swift in Sources */ = {isa = PBXBuildFile; fileRef = 1DC86C0A994B73FB8009A7EA /* ContentDetector.swift */; };
		B551B4E62A7FA5D33AD53681 /* ClipboardPanelVC.swift in Sources */ = {isa = PBXBuildFile; fileRef = 3DAB0717E7F75E3FF9B30BBE /* ClipboardPanelVC.swift */; };
		B807F2D9B5F520D1C1EC3C46 /* CoreGraphics.framework in Frameworks */ = {isa = PBXBuildFile; fileRef = 83A92FB48CB294E715B02806 /* CoreGraphics.framework */; };
		BCC2DF21669D6C5A99EB970C /* Carbon.framework in Frameworks */ = {isa = PBXBuildFile; fileRef = EB283CDF3A9539DCDA1A2214 /* Carbon.framework */; };
		BEEA2E29292B05A21183640A /* StoreKit.framework in Frameworks */ = {isa = PBXBuildFile; fileRef = FF8673C62891F86C722E27A1 /* StoreKit.framework */; };
		C005ACD88EE6E2CB845C0710 /* OnboardingWindowController.swift in Sources */ = {isa = PBXBuildFile; fileRef = BE0FA158D27BCC877128B1AC /* OnboardingWindowController.swift */; };
		C1FDA11266C0844176389BF2 /* ClipboardPanel.swift in Sources */ = {isa = PBXBuildFile; fileRef = 5D31B6CA4813B599061AE43C /* ClipboardPanel.swift */; };
		C264F3358E4C5D089B3F4937 /* AppDelegate.swift in Sources */ = {isa = PBXBuildFile; fileRef = D4EA3F63C439EEFEB230985C /* AppDelegate.swift */; };
		CF210BA00EABB53C3D0BDF80 /* EncodingTransforms.swift in Sources */ = {isa = PBXBuildFile; fileRef = 55953DA19505ACD1E2B0551A /* EncodingTransforms.swift */; };
		D4B0E830A7AE62BBCB66C1D5 /* PurchaseManager.swift in Sources */ = {isa = PBXBuildFile; fileRef = 3ECB321F90AFA8FD509986C0 /* PurchaseManager.swift */; };
		E472EAE697693B03E5F8549C /* ModelContainer+Hotstash.swift in Sources */ = {isa = PBXBuildFile; fileRef = B995C407D9121B04B8DE1694 /* ModelContainer+Hotstash.swift */; };
		F3F821A1D7B0A1C0EA4689FF /* ClipboardItemCell.swift in Sources */ = {isa = PBXBuildFile; fileRef = E6A9D0726BB159ACE3620C30 /* ClipboardItemCell.swift */; };
		F5E342105F5DFFC300929CC4 /* ClipboardMigrationTests.swift in Sources */ = {isa = PBXBuildFile; fileRef = 51880DC40FE10900391A63EB /* ClipboardMigrationTests.swift */; };
		F89BE5C9121D3392040BB4C9 /* MultiPastePanel.swift in Sources */ = {isa = PBXBuildFile; fileRef = 1E3D42C077663BCE0A8ADE17 /* MultiPastePanel.swift */; };
/* End PBXBuildFile section */

/* Begin PBXContainerItemProxy section */
		55058F78B6A8B78EAF55E738 /* PBXContainerItemProxy */ = {
			isa = PBXContainerItemProxy;
			containerPortal = 06BDD71CBF2D07B008CD8BE5 /* Project object */;
			proxyType = 1;
			remoteGlobalIDString = 8282ED6B8A62200E2DB214E3;
			remoteInfo = Hotstash;
		};
/* End PBXContainerItemProxy section */

/* Begin PBXFileReference section */
		07A94AD7A9C0604D08B842FA /* ClipboardStore.swift */ = {isa = PBXFileReference; lastKnownFileType = sourcecode.swift; path = ClipboardStore.swift; sourceTree = "<group>"; };
		0C6A59EE77E7406B797E74A2 /* Foundation.framework */ = {isa = PBXFileReference; lastKnownFileType = wrapper.framework; name = Foundation.framework; path = System/Library/Frameworks/Foundation.framework; sourceTree = SDKROOT; };
		0F5A0B2DFE8E78A0497DE0A4 /* Notifications.swift */ = {isa = PBXFileReference; lastKnownFileType = sourcecode.swift; path = Notifications.swift; sourceTree = "<group>"; };
		18FF863ED71FDBE116D2D759 /* ClipboardMigration.swift */ = {isa = PBXFileReference; lastKnownFileType = sourcecode.swift; path = ClipboardMigration.swift; sourceTree = "<group>"; };
		1A9DE6005451FB0043006828 /* AppKit.framework */ = {isa = PBXFileReference; lastKnownFileType = wrapper.framework; name = AppKit.framework; path = System/Library/Frameworks/AppKit.framework; sourceTree = SDKROOT; };
		1DC86C0A994B73FB8009A7EA /* ContentDetector.swift */ = {isa = PBXFileReference; lastKnownFileType = sourcecode.swift; path = ContentDetector.swift; sourceTree = "<group>"; };
		1E3D42C077663BCE0A8ADE17 /* MultiPastePanel.swift */ = {isa = PBXFileReference; lastKnownFileType = sourcecode.swift; path = MultiPastePanel.swift; sourceTree = "<group>"; };
		206650306DE75178F63F72E5 /* CleanupTransforms.swift */ = {isa = PBXFileReference; lastKnownFileType = sourcecode.swift; path = CleanupTransforms.swift; sourceTree = "<group>"; };
		20861A838C19F2CAE4ED05BA /* Hotstash.app */ = {isa = PBXFileReference; explicitFileType = wrapper.application; includeInIndex = 0; path = Hotstash.app; sourceTree = BUILT_PRODUCTS_DIR; };
		22D1F8CFB59A151FB042BEB6 /* main.swift */ = {isa = PBXFileReference; lastKnownFileType = sourcecode.swift; path = main.swift; sourceTree = "<group>"; };
		252AECFD0C49802E4F197FEC /* HotkeyManager.swift */ = {isa = PBXFileReference; lastKnownFileType = sourcecode.swift; path = HotkeyManager.swift; sourceTree = "<group>"; };
		36695DA641B3C931651BFDEC /* PasteEngine.swift */ = {isa = PBXFileReference; lastKnownFileType = sourcecode.swift; path = PasteEngine.swift; sourceTree = "<group>"; };
		3DAB0717E7F75E3FF9B30BBE /* ClipboardPanelVC.swift */ = {isa = PBXFileReference; lastKnownFileType = sourcecode.swift; path = ClipboardPanelVC.swift; sourceTree = "<group>"; };
		3ECB321F90AFA8FD509986C0 /* PurchaseManager.swift */ = {isa = PBXFileReference; lastKnownFileType = sourcecode.swift; path = PurchaseManager.swift; sourceTree = "<group>"; };
		405816998C0516ABD02E3EA5 /* CaseTransforms.swift */ = {isa = PBXFileReference; lastKnownFileType = sourcecode.swift; path = CaseTransforms.swift; sourceTree = "<group>"; };
		497B06AB9E1C80977587F03C /* SettingsWindowController.swift */ = {isa = PBXFileReference; lastKnownFileType = sourcecode.swift; path = SettingsWindowController.swift; sourceTree = "<group>"; };
		4D31AEF245A8500967FD8ABB /* LegacyClipboardItem.swift */ = {isa = PBXFileReference; lastKnownFileType = sourcecode.swift; path = LegacyClipboardItem.swift; sourceTree = "<group>"; };
		4F6E7D0DCEC47B20359A28A1 /* ClipboardItem.swift */ = {isa = PBXFileReference; lastKnownFileType = sourcecode.swift; path = ClipboardItem.swift; sourceTree = "<group>"; };
		51880DC40FE10900391A63EB /* ClipboardMigrationTests.swift */ = {isa = PBXFileReference; lastKnownFileType = sourcecode.swift; path = ClipboardMigrationTests.swift; sourceTree = "<group>"; };
		55953DA19505ACD1E2B0551A /* EncodingTransforms.swift */ = {isa = PBXFileReference; lastKnownFileType = sourcecode.swift; path = EncodingTransforms.swift; sourceTree = "<group>"; };
		5AAC8B5CB7445D1E6B14899B /* SmokeTests.swift */ = {isa = PBXFileReference; lastKnownFileType = sourcecode.swift; path = SmokeTests.swift; sourceTree = "<group>"; };
		5ADB0D8C46670B9E8F1B67A8 /* HotkeyRecorderView.swift */ = {isa = PBXFileReference; lastKnownFileType = sourcecode.swift; path = HotkeyRecorderView.swift; sourceTree = "<group>"; };
		5D31B6CA4813B599061AE43C /* ClipboardPanel.swift */ = {isa = PBXFileReference; lastKnownFileType = sourcecode.swift; path = ClipboardPanel.swift; sourceTree = "<group>"; };
		61E8D2209E6F7B00DD9FE504 /* WhatsNewWindowController.swift */ = {isa = PBXFileReference; lastKnownFileType = sourcecode.swift; path = WhatsNewWindowController.swift; sourceTree = "<group>"; };
		72D38A0D5D49CAA9F1A4419C /* AboutSettingsView.swift */ = {isa = PBXFileReference; lastKnownFileType = sourcecode.swift; path = AboutSettingsView.swift; sourceTree = "<group>"; };
		745DE6446393891754A48B11 /* TransformSettingsView.swift */ = {isa = PBXFileReference; lastKnownFileType = sourcecode.swift; path = TransformSettingsView.swift; sourceTree = "<group>"; };
		83A92FB48CB294E715B02806 /* CoreGraphics.framework */ = {isa = PBXFileReference; lastKnownFileType = wrapper.framework; name = CoreGraphics.framework; path = System/Library/Frameworks/CoreGraphics.framework; sourceTree = SDKROOT; };
		86BB9B94B395BE9C2266BF2F /* GeneralSettingsView.swift */ = {isa = PBXFileReference; lastKnownFileType = sourcecode.swift; path = GeneralSettingsView.swift; sourceTree = "<group>"; };
		883C0E0540370662D042B67A /* ClipboardStoreTests.swift */ = {isa = PBXFileReference; lastKnownFileType = sourcecode.swift; path = ClipboardStoreTests.swift; sourceTree = "<group>"; };
		9234AAFE290C57FDE0FB78F8 /* SettingsView.swift */ = {isa = PBXFileReference; lastKnownFileType = sourcecode.swift; path = SettingsView.swift; sourceTree = "<group>"; };
		988A1610603A4F3DABC25478 /* TrialManager.swift */ = {isa = PBXFileReference; lastKnownFileType = sourcecode.swift; path = TrialManager.swift; sourceTree = "<group>"; };
		98EA024BCCA190660DE36CE0 /* ClipboardMonitor.swift */ = {isa = PBXFileReference; lastKnownFileType = sourcecode.swift; path = ClipboardMonitor.swift; sourceTree = "<group>"; };
		9C81123429DA8F08940306AC /* LaunchAtLoginManager.swift */ = {isa = PBXFileReference; lastKnownFileType = sourcecode.swift; path = LaunchAtLoginManager.swift; sourceTree = "<group>"; };
		9DA7DEADB4144664958C7845 /* JSONTransforms.swift */ = {isa = PBXFileReference; lastKnownFileType = sourcecode.swift; path = JSONTransforms.swift; sourceTree = "<group>"; };
		AA61738337E4369F78AAFB73 /* ListTransforms.swift */ = {isa = PBXFileReference; lastKnownFileType = sourcecode.swift; path = ListTransforms.swift; sourceTree = "<group>"; };
		AB8722D370AD74770468379D /* Assets.xcassets */ = {isa = PBXFileReference; lastKnownFileType = folder.assetcatalog; path = Assets.xcassets; sourceTree = "<group>"; };
		B75544001AF733AFAAA0014D /* TransformRegistry.swift */ = {isa = PBXFileReference; lastKnownFileType = sourcecode.swift; path = TransformRegistry.swift; sourceTree = "<group>"; };
		B995C407D9121B04B8DE1694 /* ModelContainer+Hotstash.swift */ = {isa = PBXFileReference; lastKnownFileType = sourcecode.swift; path = "ModelContainer+Hotstash.swift"; sourceTree = "<group>"; };
		BC8FD990DF3BF88CE1E8B306 /* WhitespaceTransforms.swift */ = {isa = PBXFileReference; lastKnownFileType = sourcecode.swift; path = WhitespaceTransforms.swift; sourceTree = "<group>"; };
		BE0FA158D27BCC877128B1AC /* OnboardingWindowController.swift */ = {isa = PBXFileReference; lastKnownFileType = sourcecode.swift; path = OnboardingWindowController.swift; sourceTree = "<group>"; };
		BE1B33F7E9EF3F45381A3B2B /* MenuBarManager.swift */ = {isa = PBXFileReference; lastKnownFileType = sourcecode.swift; path = MenuBarManager.swift; sourceTree = "<group>"; };
		C21843FA206C510288A536E6 /* HotstashTests.xctest */ = {isa = PBXFileReference; explicitFileType = wrapper.cfbundle; includeInIndex = 0; path = HotstashTests.xctest; sourceTree = BUILT_PRODUCTS_DIR; };
		CADE6965A34882FA76B8FE89 /* ImageTransforms.swift */ = {isa = PBXFileReference; lastKnownFileType = sourcecode.swift; path = ImageTransforms.swift; sourceTree = "<group>"; };
		D4EA3F63C439EEFEB230985C /* AppDelegate.swift */ = {isa = PBXFileReference; lastKnownFileType = sourcecode.swift; path = AppDelegate.swift; sourceTree = "<group>"; };
		D5C42098CBDBF783A7B887BE /* Transform.swift */ = {isa = PBXFileReference; lastKnownFileType = sourcecode.swift; path = Transform.swift; sourceTree = "<group>"; };
		D8C1302B2401F121B1FB4F20 /* CodeTransforms.swift */ = {isa = PBXFileReference; lastKnownFileType = sourcecode.swift; path = CodeTransforms.swift; sourceTree = "<group>"; };
		E14B176F759EFA9AB5D42406 /* TransformPickerView.swift */ = {isa = PBXFileReference; lastKnownFileType = sourcecode.swift; path = TransformPickerView.swift; sourceTree = "<group>"; };
		E6A9D0726BB159ACE3620C30 /* ClipboardItemCell.swift */ = {isa = PBXFileReference; lastKnownFileType = sourcecode.swift; path = ClipboardItemCell.swift; sourceTree = "<group>"; };
		EB283CDF3A9539DCDA1A2214 /* Carbon.framework */ = {isa = PBXFileReference; lastKnownFileType = wrapper.framework; name = Carbon.framework; path = System/Library/Frameworks/Carbon.framework; sourceTree = SDKROOT; };
		F8758C63AA816832764F2043 /* ServiceManagement.framework */ = {isa = PBXFileReference; lastKnownFileType = wrapper.framework; name = ServiceManagement.framework; path = System/Library/Frameworks/ServiceManagement.framework; sourceTree = SDKROOT; };
		FF8673C62891F86C722E27A1 /* StoreKit.framework */ = {isa = PBXFileReference; lastKnownFileType = wrapper.framework; name = StoreKit.framework; path = System/Library/Frameworks/StoreKit.framework; sourceTree = SDKROOT; };
/* End PBXFileReference section */

/* Begin PBXFrameworksBuildPhase section */
		BD18460586977D940EB4886D /* Frameworks */ = {
			isa = PBXFrameworksBuildPhase;
			buildActionMask = 2147483647;
			files = (
				673EC848BD72B21679BC33DB /* AppKit.framework in Frameworks */,
				42768796D6C8E0D6A12BD830 /* Foundation.framework in Frameworks */,
				BCC2DF21669D6C5A99EB970C /* Carbon.framework in Frameworks */,
				23E8305A5D49348DDED051A4 /* ServiceManagement.framework in Frameworks */,
				BEEA2E29292B05A21183640A /* StoreKit.framework in Frameworks */,
				B807F2D9B5F520D1C1EC3C46 /* CoreGraphics.framework in Frameworks */,
			);
			runOnlyForDeploymentPostprocessing = 0;
		};
/* End PBXFrameworksBuildPhase section */

/* Begin PBXGroup section */
		051F873F1FDCB725B57D0948 /* Transforms */ = {
			isa = PBXGroup;
			children = (
				405816998C0516ABD02E3EA5 /* CaseTransforms.swift */,
				206650306DE75178F63F72E5 /* CleanupTransforms.swift */,
				D8C1302B2401F121B1FB4F20 /* CodeTransforms.swift */,
				55953DA19505ACD1E2B0551A /* EncodingTransforms.swift */,
				CADE6965A34882FA76B8FE89 /* ImageTransforms.swift */,
				9DA7DEADB4144664958C7845 /* JSONTransforms.swift */,
				AA61738337E4369F78AAFB73 /* ListTransforms.swift */,
				BC8FD990DF3BF88CE1E8B306 /* WhitespaceTransforms.swift */,
			);
			path = Transforms;
			sourceTree = "<group>";
		};
		06633E5DA7E263061B6EC3CE /* Monetization */ = {
			isa = PBXGroup;
			children = (
				9C81123429DA8F08940306AC /* LaunchAtLoginManager.swift */,
				3ECB321F90AFA8FD509986C0 /* PurchaseManager.swift */,
				988A1610603A4F3DABC25478 /* TrialManager.swift */,
			);
			path = Monetization;
			sourceTree = "<group>";
		};
		154D48E800EE4016575727CD /* Panel */ = {
			isa = PBXGroup;
			children = (
				E6A9D0726BB159ACE3620C30 /* ClipboardItemCell.swift */,
				5D31B6CA4813B599061AE43C /* ClipboardPanel.swift */,
				3DAB0717E7F75E3FF9B30BBE /* ClipboardPanelVC.swift */,
				36695DA641B3C931651BFDEC /* PasteEngine.swift */,
				E14B176F759EFA9AB5D42406 /* TransformPickerView.swift */,
			);
			path = Panel;
			sourceTree = "<group>";
		};
		1EE91C8762B90B996C795235 /* Clipboard */ = {
			isa = PBXGroup;
			children = (
				4F6E7D0DCEC47B20359A28A1 /* ClipboardItem.swift */,
				18FF863ED71FDBE116D2D759 /* ClipboardMigration.swift */,
				98EA024BCCA190660DE36CE0 /* ClipboardMonitor.swift */,
				07A94AD7A9C0604D08B842FA /* ClipboardStore.swift */,
				4D31AEF245A8500967FD8ABB /* LegacyClipboardItem.swift */,
				B995C407D9121B04B8DE1694 /* ModelContainer+Hotstash.swift */,
			);
			path = Clipboard;
			sourceTree = "<group>";
		};
		23842A97585086E7AF7D5DEE /* Products */ = {
			isa = PBXGroup;
			children = (
				20861A838C19F2CAE4ED05BA /* Hotstash.app */,
				C21843FA206C510288A536E6 /* HotstashTests.xctest */,
			);
			name = Products;
			sourceTree = "<group>";
		};
		3E4633A6FF76F87B2C7D8BD9 /* MenuBar */ = {
			isa = PBXGroup;
			children = (
				BE1B33F7E9EF3F45381A3B2B /* MenuBarManager.swift */,
			);
			path = MenuBar;
			sourceTree = "<group>";
		};
		47965152CE93C37F629893B3 /* Hotkey */ = {
			isa = PBXGroup;
			children = (
				252AECFD0C49802E4F197FEC /* HotkeyManager.swift */,
			);
			path = Hotkey;
			sourceTree = "<group>";
		};
		4D3131D43A5ABE7EF1A1AF5A /* UI */ = {
			isa = PBXGroup;
			children = (
				3E4633A6FF76F87B2C7D8BD9 /* MenuBar */,
				6B0BC0B57DF03492FFC54AF7 /* MultiPaste */,
				FBD55B39EBD15F62FCEB3A54 /* Onboarding */,
				154D48E800EE4016575727CD /* Panel */,
				53472E63AE83840ACA932E1A /* Settings */,
			);
			path = UI;
			sourceTree = "<group>";
		};
		53472E63AE83840ACA932E1A /* Settings */ = {
			isa = PBXGroup;
			children = (
				72D38A0D5D49CAA9F1A4419C /* AboutSettingsView.swift */,
				86BB9B94B395BE9C2266BF2F /* GeneralSettingsView.swift */,
				5ADB0D8C46670B9E8F1B67A8 /* HotkeyRecorderView.swift */,
				9234AAFE290C57FDE0FB78F8 /* SettingsView.swift */,
				497B06AB9E1C80977587F03C /* SettingsWindowController.swift */,
				745DE6446393891754A48B11 /* TransformSettingsView.swift */,
			);
			path = Settings;
			sourceTree = "<group>";
		};
		5ECC6CC9B3ECEC97835C1930 /* Hotstash */ = {
			isa = PBXGroup;
			children = (
				D3DD8DBD7F343AAE346DE8C1 /* App */,
				1EE91C8762B90B996C795235 /* Clipboard */,
				47965152CE93C37F629893B3 /* Hotkey */,
				06633E5DA7E263061B6EC3CE /* Monetization */,
				A2F741ED77133E33F4ED8A3F /* Resources */,
				D689FDCE5BE85B28471E5424 /* Transforms */,
				4D3131D43A5ABE7EF1A1AF5A /* UI */,
			);
			path = Hotstash;
			sourceTree = "<group>";
		};
		6B0BC0B57DF03492FFC54AF7 /* MultiPaste */ = {
			isa = PBXGroup;
			children = (
				1E3D42C077663BCE0A8ADE17 /* MultiPastePanel.swift */,
			);
			path = MultiPaste;
			sourceTree = "<group>";
		};
		97C092D724F6E68989802746 /* Frameworks */ = {
			isa = PBXGroup;
			children = (
				1A9DE6005451FB0043006828 /* AppKit.framework */,
				EB283CDF3A9539DCDA1A2214 /* Carbon.framework */,
				83A92FB48CB294E715B02806 /* CoreGraphics.framework */,
				0C6A59EE77E7406B797E74A2 /* Foundation.framework */,
				F8758C63AA816832764F2043 /* ServiceManagement.framework */,
				FF8673C62891F86C722E27A1 /* StoreKit.framework */,
			);
			name = Frameworks;
			sourceTree = "<group>";
		};
		A23DC660CAE0C9548EAD4642 = {
			isa = PBXGroup;
			children = (
				5ECC6CC9B3ECEC97835C1930 /* Hotstash */,
				E45E9AA70DA7794D6C33F477 /* HotstashTests */,
				97C092D724F6E68989802746 /* Frameworks */,
				23842A97585086E7AF7D5DEE /* Products */,
			);
			sourceTree = "<group>";
		};
		A2F741ED77133E33F4ED8A3F /* Resources */ = {
			isa = PBXGroup;
			children = (
				AB8722D370AD74770468379D /* Assets.xcassets */,
			);
			path = Resources;
			sourceTree = "<group>";
		};
		D3DD8DBD7F343AAE346DE8C1 /* App */ = {
			isa = PBXGroup;
			children = (
				D4EA3F63C439EEFEB230985C /* AppDelegate.swift */,
				22D1F8CFB59A151FB042BEB6 /* main.swift */,
				0F5A0B2DFE8E78A0497DE0A4 /* Notifications.swift */,
			);
			path = App;
			sourceTree = "<group>";
		};
		D689FDCE5BE85B28471E5424 /* Transforms */ = {
			isa = PBXGroup;
			children = (
				051F873F1FDCB725B57D0948 /* Transforms */,
				1DC86C0A994B73FB8009A7EA /* ContentDetector.swift */,
				D5C42098CBDBF783A7B887BE /* Transform.swift */,
				B75544001AF733AFAAA0014D /* TransformRegistry.swift */,
			);
			path = Transforms;
			sourceTree = "<group>";
		};
		E45E9AA70DA7794D6C33F477 /* HotstashTests */ = {
			isa = PBXGroup;
			children = (
				51880DC40FE10900391A63EB /* ClipboardMigrationTests.swift */,
				883C0E0540370662D042B67A /* ClipboardStoreTests.swift */,
				5AAC8B5CB7445D1E6B14899B /* SmokeTests.swift */,
			);
			path = HotstashTests;
			sourceTree = "<group>";
		};
		FBD55B39EBD15F62FCEB3A54 /* Onboarding */ = {
			isa = PBXGroup;
			children = (
				BE0FA158D27BCC877128B1AC /* OnboardingWindowController.swift */,
				61E8D2209E6F7B00DD9FE504 /* WhatsNewWindowController.swift */,
			);
			path = Onboarding;
			sourceTree = "<group>";
		};
/* End PBXGroup section */

/* Begin PBXNativeTarget section */
		614F547B48E7159829803949 /* HotstashTests */ = {
			isa = PBXNativeTarget;
			buildConfigurationList = 7EFEAC5DB45DE70E8968A5FE /* Build configuration list for PBXNativeTarget "HotstashTests" */;
			buildPhases = (
				1D2A902EFC662EB7CCD0C287 /* Sources */,
			);
			buildRules = (
			);
			dependencies = (
				5FE087997B02FE15A88998D4 /* PBXTargetDependency */,
			);
			name = HotstashTests;
			packageProductDependencies = (
			);
			productName = HotstashTests;
			productReference = C21843FA206C510288A536E6 /* HotstashTests.xctest */;
			productType = "com.apple.product-type.bundle.unit-test";
		};
		8282ED6B8A62200E2DB214E3 /* Hotstash */ = {
			isa = PBXNativeTarget;
			buildConfigurationList = C5C18145BDFD9D92ED00F215 /* Build configuration list for PBXNativeTarget "Hotstash" */;
			buildPhases = (
				21A5A3FC449E2B9077872AD1 /* Sources */,
				5E3860CBE7FF077C7AC1DF4A /* Resources */,
				BD18460586977D940EB4886D /* Frameworks */,
			);
			buildRules = (
			);
			dependencies = (
			);
			name = Hotstash;
			packageProductDependencies = (
			);
			productName = Hotstash;
			productReference = 20861A838C19F2CAE4ED05BA /* Hotstash.app */;
			productType = "com.apple.product-type.application";
		};
/* End PBXNativeTarget section */

/* Begin PBXProject section */
		06BDD71CBF2D07B008CD8BE5 /* Project object */ = {
			isa = PBXProject;
			attributes = {
				BuildIndependentTargetsInParallel = YES;
				LastUpgradeCheck = 1600;
				TargetAttributes = {
					614F547B48E7159829803949 = {
						DevelopmentTeam = 4PMSUCCX7P;
					};
					8282ED6B8A62200E2DB214E3 = {
						DevelopmentTeam = 4PMSUCCX7P;
						ProvisioningStyle = Automatic;
					};
				};
			};
			buildConfigurationList = C61125F82D13B1E5AD03837C /* Build configuration list for PBXProject "Hotstash" */;
			developmentRegion = en;
			hasScannedForEncodings = 0;
			knownRegions = (
				Base,
				en,
			);
			mainGroup = A23DC660CAE0C9548EAD4642;
			minimizedProjectReferenceProxies = 1;
			preferredProjectObjectVersion = 77;
			productRefGroup = 23842A97585086E7AF7D5DEE /* Products */;
			projectDirPath = "";
			projectRoot = "";
			targets = (
				8282ED6B8A62200E2DB214E3 /* Hotstash */,
				614F547B48E7159829803949 /* HotstashTests */,
			);
		};
/* End PBXProject section */

/* Begin PBXResourcesBuildPhase section */
		5E3860CBE7FF077C7AC1DF4A /* Resources */ = {
			isa = PBXResourcesBuildPhase;
			buildActionMask = 2147483647;
			files = (
				07405893A82C7CDCA8614347 /* Assets.xcassets in Resources */,
			);
			runOnlyForDeploymentPostprocessing = 0;
		};
/* End PBXResourcesBuildPhase section */

/* Begin PBXSourcesBuildPhase section */
		1D2A902EFC662EB7CCD0C287 /* Sources */ = {
			isa = PBXSourcesBuildPhase;
			buildActionMask = 2147483647;
			files = (
				F5E342105F5DFFC300929CC4 /* ClipboardMigrationTests.swift in Sources */,
				900E818E852CF81ADDA6AF59 /* ClipboardStoreTests.swift in Sources */,
				3C9715A9ADD898F8DEC1AB62 /* SmokeTests.swift in Sources */,
			);
			runOnlyForDeploymentPostprocessing = 0;
		};
		21A5A3FC449E2B9077872AD1 /* Sources */ = {
			isa = PBXSourcesBuildPhase;
			buildActionMask = 2147483647;
			files = (
				211BDD99F886E7590BE13A8E /* AboutSettingsView.swift in Sources */,
				C264F3358E4C5D089B3F4937 /* AppDelegate.swift in Sources */,
				4FB1C238201EF23819C7576F /* CaseTransforms.swift in Sources */,
				4852AE51BAB98172933F36AF /* CleanupTransforms.swift in Sources */,
				6C753C09746911A0AD935C4B /* ClipboardItem.swift in Sources */,
				F3F821A1D7B0A1C0EA4689FF /* ClipboardItemCell.swift in Sources */,
				13AE830141633D0E17611CC9 /* ClipboardMigration.swift in Sources */,
				10ED25336F6368C4D061E8C6 /* ClipboardMonitor.swift in Sources */,
				C1FDA11266C0844176389BF2 /* ClipboardPanel.swift in Sources */,
				B551B4E62A7FA5D33AD53681 /* ClipboardPanelVC.swift in Sources */,
				5C4E8677C90D38DCE7AD5D59 /* ClipboardStore.swift in Sources */,
				989AD24250841C51BA711B55 /* CodeTransforms.swift in Sources */,
				B2E1CFEF13F2C256B9BF84B1 /* ContentDetector.swift in Sources */,
				CF210BA00EABB53C3D0BDF80 /* EncodingTransforms.swift in Sources */,
				03BD1322CEA0EA3C206792D8 /* GeneralSettingsView.swift in Sources */,
				233E720F4358B5BA58F1CD0B /* HotkeyManager.swift in Sources */,
				18B914CE5F3DD4A352269353 /* HotkeyRecorderView.swift in Sources */,
				36E86F2188D0CBA7BA4D402B /* ImageTransforms.swift in Sources */,
				5332EC427A7577BC774CBC30 /* JSONTransforms.swift in Sources */,
				55309C6144D563297EA066CD /* LaunchAtLoginManager.swift in Sources */,
				0C21964B09654F5C2666C05E /* LegacyClipboardItem.swift in Sources */,
				8FE01F40B1F461B734E36421 /* ListTransforms.swift in Sources */,
				3537F0CBF436C85F70FA9288 /* MenuBarManager.swift in Sources */,
				E472EAE697693B03E5F8549C /* ModelContainer+Hotstash.swift in Sources */,
				F89BE5C9121D3392040BB4C9 /* MultiPastePanel.swift in Sources */,
				1DC62D1D2745328DB77C4421 /* Notifications.swift in Sources */,
				C005ACD88EE6E2CB845C0710 /* OnboardingWindowController.swift in Sources */,
				80A0153929730092F80F58BD /* PasteEngine.swift in Sources */,
				D4B0E830A7AE62BBCB66C1D5 /* PurchaseManager.swift in Sources */,
				464AB6DC1E4AA9F3EF0229F4 /* SettingsView.swift in Sources */,
				639937388E0DA8F8A87D17B5 /* SettingsWindowController.swift in Sources */,
				8FA487FFE047E607F10E4F32 /* Transform.swift in Sources */,
				7CC8C7921B547CD879CC6744 /* TransformPickerView.swift in Sources */,
				9281E15530C2905396A38C57 /* TransformRegistry.swift in Sources */,
				A716C9D9EA74A355B3A21704 /* TransformSettingsView.swift in Sources */,
				0CD787342600584EA796B669 /* TrialManager.swift in Sources */,
				6F2F5F32E018AFDCF7D9E2A6 /* WhatsNewWindowController.swift in Sources */,
				68C4134F124CC338F0D3C814 /* WhitespaceTransforms.swift in Sources */,
				340EC864C860F3D0F724F271 /* main.swift in Sources */,
			);
			runOnlyForDeploymentPostprocessing = 0;
		};
/* End PBXSourcesBuildPhase section */

/* Begin PBXTargetDependency section */
		5FE087997B02FE15A88998D4 /* PBXTargetDependency */ = {
			isa = PBXTargetDependency;
			target = 8282ED6B8A62200E2DB214E3 /* Hotstash */;
			targetProxy = 55058F78B6A8B78EAF55E738 /* PBXContainerItemProxy */;
		};
/* End PBXTargetDependency section */

/* Begin XCBuildConfiguration section */
		070DD19BEF8E4DCFE57F064E /* Release */ = {
			isa = XCBuildConfiguration;
			buildSettings = {
				ALWAYS_SEARCH_USER_PATHS = NO;
				CLANG_ANALYZER_NONNULL = YES;
				CLANG_ANALYZER_NUMBER_OBJECT_CONVERSION = YES_AGGRESSIVE;
				CLANG_CXX_LANGUAGE_STANDARD = "gnu++14";
				CLANG_CXX_LIBRARY = "libc++";
				CLANG_ENABLE_MODULES = YES;
				CLANG_ENABLE_OBJC_ARC = YES;
				CLANG_ENABLE_OBJC_WEAK = YES;
				CLANG_WARN_BLOCK_CAPTURE_AUTORELEASING = YES;
				CLANG_WARN_BOOL_CONVERSION = YES;
				CLANG_WARN_COMMA = YES;
				CLANG_WARN_CONSTANT_CONVERSION = YES;
				CLANG_WARN_DEPRECATED_OBJC_IMPLEMENTATIONS = YES;
				CLANG_WARN_DIRECT_OBJC_ISA_USAGE = YES_ERROR;
				CLANG_WARN_DOCUMENTATION_COMMENTS = YES;
				CLANG_WARN_EMPTY_BODY = YES;
				CLANG_WARN_ENUM_CONVERSION = YES;
				CLANG_WARN_INFINITE_RECURSION = YES;
				CLANG_WARN_INT_CONVERSION = YES;
				CLANG_WARN_NON_LITERAL_NULL_CONVERSION = YES;
				CLANG_WARN_OBJC_IMPLICIT_RETAIN_SELF = YES;
				CLANG_WARN_OBJC_LITERAL_CONVERSION = YES;
				CLANG_WARN_OBJC_ROOT_CLASS = YES_ERROR;
				CLANG_WARN_QUOTED_INCLUDE_IN_FRAMEWORK_HEADER = YES;
				CLANG_WARN_RANGE_LOOP_ANALYSIS = YES;
				CLANG_WARN_STRICT_PROTOTYPES = YES;
				CLANG_WARN_SUSPICIOUS_MOVE = YES;
				CLANG_WARN_UNGUARDED_AVAILABILITY = YES_AGGRESSIVE;
				CLANG_WARN_UNREACHABLE_CODE = YES;
				CLANG_WARN__DUPLICATE_METHOD_MATCH = YES;
				COPY_PHASE_STRIP = NO;
				DEBUG_INFORMATION_FORMAT = "dwarf-with-dsym";
				ENABLE_HARDENED_RUNTIME = YES;
				ENABLE_NS_ASSERTIONS = NO;
				ENABLE_STRICT_OBJC_MSGSEND = YES;
				GCC_C_LANGUAGE_STANDARD = gnu11;
				GCC_NO_COMMON_BLOCKS = YES;
				GCC_WARN_64_TO_32_BIT_CONVERSION = YES;
				GCC_WARN_ABOUT_RETURN_TYPE = YES_ERROR;
				GCC_WARN_UNDECLARED_SELECTOR = YES;
				GCC_WARN_UNINITIALIZED_AUTOS = YES_AGGRESSIVE;
				GCC_WARN_UNUSED_FUNCTION = YES;
				GCC_WARN_UNUSED_VARIABLE = YES;
				MACOSX_DEPLOYMENT_TARGET = 14.0;
				MTL_ENABLE_DEBUG_INFO = NO;
				MTL_FAST_MATH = YES;
				PRODUCT_NAME = "$(TARGET_NAME)";
				SDKROOT = macosx;
				SWIFT_COMPILATION_MODE = wholemodule;
				SWIFT_OPTIMIZATION_LEVEL = "-O";
				SWIFT_VERSION = 5.9;
			};
			name = Release;
		};
		11B4EA1C612696055BE4C56C /* Debug */ = {
			isa = XCBuildConfiguration;
			buildSettings = {
				BUNDLE_LOADER = "$(TEST_HOST)";
				COMBINE_HIDPI_IMAGES = YES;
				DEVELOPMENT_TEAM = 4PMSUCCX7P;
				GENERATE_INFOPLIST_FILE = YES;
				LD_RUNPATH_SEARCH_PATHS = (
					"$(inherited)",
					"@executable_path/../Frameworks",
					"@loader_path/../Frameworks",
				);
				MACOSX_DEPLOYMENT_TARGET = 14.0;
				PRODUCT_BUNDLE_IDENTIFIER = com.zeyadamer.hotstash.tests;
				SDKROOT = macosx;
				SWIFT_VERSION = 5.9;
				TEST_HOST = "$(BUILT_PRODUCTS_DIR)/Hotstash.app/Contents/MacOS/Hotstash";
			};
			name = Debug;
		};
		234AA944F630920BDD86F1AC /* Debug */ = {
			isa = XCBuildConfiguration;
			buildSettings = {
				ALWAYS_SEARCH_USER_PATHS = NO;
				CLANG_ANALYZER_NONNULL = YES;
				CLANG_ANALYZER_NUMBER_OBJECT_CONVERSION = YES_AGGRESSIVE;
				CLANG_CXX_LANGUAGE_STANDARD = "gnu++14";
				CLANG_CXX_LIBRARY = "libc++";
				CLANG_ENABLE_MODULES = YES;
				CLANG_ENABLE_OBJC_ARC = YES;
				CLANG_ENABLE_OBJC_WEAK = YES;
				CLANG_WARN_BLOCK_CAPTURE_AUTORELEASING = YES;
				CLANG_WARN_BOOL_CONVERSION = YES;
				CLANG_WARN_COMMA = YES;
				CLANG_WARN_CONSTANT_CONVERSION = YES;
				CLANG_WARN_DEPRECATED_OBJC_IMPLEMENTATIONS = YES;
				CLANG_WARN_DIRECT_OBJC_ISA_USAGE = YES_ERROR;
				CLANG_WARN_DOCUMENTATION_COMMENTS = YES;
				CLANG_WARN_EMPTY_BODY = YES;
				CLANG_WARN_ENUM_CONVERSION = YES;
				CLANG_WARN_INFINITE_RECURSION = YES;
				CLANG_WARN_INT_CONVERSION = YES;
				CLANG_WARN_NON_LITERAL_NULL_CONVERSION = YES;
				CLANG_WARN_OBJC_IMPLICIT_RETAIN_SELF = YES;
				CLANG_WARN_OBJC_LITERAL_CONVERSION = YES;
				CLANG_WARN_OBJC_ROOT_CLASS = YES_ERROR;
				CLANG_WARN_QUOTED_INCLUDE_IN_FRAMEWORK_HEADER = YES;
				CLANG_WARN_RANGE_LOOP_ANALYSIS = YES;
				CLANG_WARN_STRICT_PROTOTYPES = YES;
				CLANG_WARN_SUSPICIOUS_MOVE = YES;
				CLANG_WARN_UNGUARDED_AVAILABILITY = YES_AGGRESSIVE;
				CLANG_WARN_UNREACHABLE_CODE = YES;
				CLANG_WARN__DUPLICATE_METHOD_MATCH = YES;
				COPY_PHASE_STRIP = NO;
				DEBUG_INFORMATION_FORMAT = dwarf;
				ENABLE_HARDENED_RUNTIME = YES;
				ENABLE_STRICT_OBJC_MSGSEND = YES;
				ENABLE_TESTABILITY = YES;
				GCC_C_LANGUAGE_STANDARD = gnu11;
				GCC_DYNAMIC_NO_PIC = NO;
				GCC_NO_COMMON_BLOCKS = YES;
				GCC_OPTIMIZATION_LEVEL = 0;
				GCC_PREPROCESSOR_DEFINITIONS = (
					"$(inherited)",
					"DEBUG=1",
				);
				GCC_WARN_64_TO_32_BIT_CONVERSION = YES;
				GCC_WARN_ABOUT_RETURN_TYPE = YES_ERROR;
				GCC_WARN_UNDECLARED_SELECTOR = YES;
				GCC_WARN_UNINITIALIZED_AUTOS = YES_AGGRESSIVE;
				GCC_WARN_UNUSED_FUNCTION = YES;
				GCC_WARN_UNUSED_VARIABLE = YES;
				MACOSX_DEPLOYMENT_TARGET = 14.0;
				MTL_ENABLE_DEBUG_INFO = INCLUDE_SOURCE;
				MTL_FAST_MATH = YES;
				ONLY_ACTIVE_ARCH = YES;
				PRODUCT_NAME = "$(TARGET_NAME)";
				SDKROOT = macosx;
				SWIFT_ACTIVE_COMPILATION_CONDITIONS = DEBUG;
				SWIFT_OPTIMIZATION_LEVEL = "-Onone";
				SWIFT_VERSION = 5.9;
			};
			name = Debug;
		};
		82DA2948697C4E4B8D902563 /* Release */ = {
			isa = XCBuildConfiguration;
			buildSettings = {
				BUNDLE_LOADER = "$(TEST_HOST)";
				COMBINE_HIDPI_IMAGES = YES;
				DEVELOPMENT_TEAM = 4PMSUCCX7P;
				GENERATE_INFOPLIST_FILE = YES;
				LD_RUNPATH_SEARCH_PATHS = (
					"$(inherited)",
					"@executable_path/../Frameworks",
					"@loader_path/../Frameworks",
				);
				MACOSX_DEPLOYMENT_TARGET = 14.0;
				PRODUCT_BUNDLE_IDENTIFIER = com.zeyadamer.hotstash.tests;
				SDKROOT = macosx;
				SWIFT_VERSION = 5.9;
				TEST_HOST = "$(BUILT_PRODUCTS_DIR)/Hotstash.app/Contents/MacOS/Hotstash";
			};
			name = Release;
		};
		9637EC650D978D14576DC216 /* Release */ = {
			isa = XCBuildConfiguration;
			buildSettings = {
				ALWAYS_EMBED_SWIFT_STANDARD_LIBRARIES = YES;
				ASSETCATALOG_COMPILER_APPICON_NAME = AppIcon;
				ASSETCATALOG_COMPILER_GLOBAL_ACCENT_COLOR_NAME = AccentColor;
				CODE_SIGN_ENTITLEMENTS = Hotstash/Resources/Hotstash.entitlements;
				CODE_SIGN_STYLE = Automatic;
				COMBINE_HIDPI_IMAGES = YES;
				DEBUG_INFORMATION_FORMAT = "dwarf-with-dsym";
				DEVELOPMENT_TEAM = 4PMSUCCX7P;
				ENABLE_APP_SANDBOX = YES;
				ENABLE_HARDENED_RUNTIME = YES;
				INFOPLIST_FILE = Hotstash/Resources/Info.plist;
				LD_RUNPATH_SEARCH_PATHS = "$(inherited) @executable_path/../Frameworks";
				MACOSX_DEPLOYMENT_TARGET = 14.0;
				ONLY_ACTIVE_ARCH = NO;
				PRODUCT_BUNDLE_IDENTIFIER = com.zeyadamer.hotstash;
				PRODUCT_NAME = Hotstash;
				SDKROOT = macosx;
				SWIFT_OPTIMIZATION_LEVEL = "-O";
				SWIFT_STRICT_CONCURRENCY = minimal;
				SWIFT_VERSION = 5.9;
				VALIDATE_PRODUCT = YES;
			};
			name = Release;
		};
		D0162A65D4C321A2297B6C3E /* Debug */ = {
			isa = XCBuildConfiguration;
			buildSettings = {
				ALWAYS_EMBED_SWIFT_STANDARD_LIBRARIES = YES;
				ASSETCATALOG_COMPILER_APPICON_NAME = AppIcon;
				ASSETCATALOG_COMPILER_GLOBAL_ACCENT_COLOR_NAME = AccentColor;
				CODE_SIGN_ENTITLEMENTS = Hotstash/Resources/Hotstash.entitlements;
				CODE_SIGN_STYLE = Automatic;
				COMBINE_HIDPI_IMAGES = YES;
				DEBUG_INFORMATION_FORMAT = dwarf;
				DEVELOPMENT_TEAM = 4PMSUCCX7P;
				ENABLE_APP_SANDBOX = YES;
				ENABLE_HARDENED_RUNTIME = YES;
				ENABLE_TESTABILITY = YES;
				INFOPLIST_FILE = Hotstash/Resources/Info.plist;
				LD_RUNPATH_SEARCH_PATHS = "$(inherited) @executable_path/../Frameworks";
				MACOSX_DEPLOYMENT_TARGET = 14.0;
				ONLY_ACTIVE_ARCH = YES;
				PRODUCT_BUNDLE_IDENTIFIER = com.zeyadamer.hotstash;
				PRODUCT_NAME = Hotstash;
				SDKROOT = macosx;
				SWIFT_OPTIMIZATION_LEVEL = "-Onone";
				SWIFT_STRICT_CONCURRENCY = minimal;
				SWIFT_VERSION = 5.9;
			};
			name = Debug;
		};
/* End XCBuildConfiguration section */

/* Begin XCConfigurationList section */
		7EFEAC5DB45DE70E8968A5FE /* Build configuration list for PBXNativeTarget "HotstashTests" */ = {
			isa = XCConfigurationList;
			buildConfigurations = (
				11B4EA1C612696055BE4C56C /* Debug */,
				82DA2948697C4E4B8D902563 /* Release */,
			);
			defaultConfigurationIsVisible = 0;
			defaultConfigurationName = Debug;
		};
		C5C18145BDFD9D92ED00F215 /* Build configuration list for PBXNativeTarget "Hotstash" */ = {
			isa = XCConfigurationList;
			buildConfigurations = (
				D0162A65D4C321A2297B6C3E /* Debug */,
				9637EC650D978D14576DC216 /* Release */,
			);
			defaultConfigurationIsVisible = 0;
			defaultConfigurationName = Debug;
		};
		C61125F82D13B1E5AD03837C /* Build configuration list for PBXProject "Hotstash" */ = {
			isa = XCConfigurationList;
			buildConfigurations = (
				234AA944F630920BDD86F1AC /* Debug */,
				070DD19BEF8E4DCFE57F064E /* Release */,
			);
			defaultConfigurationIsVisible = 0;
			defaultConfigurationName = Debug;
		};
/* End XCConfigurationList section */
	};
	rootObject = 06BDD71CBF2D07B008CD8BE5 /* Project object */;
}
