// !$*UTF8*$!
{
	archiveVersion = 1;
	classes = {
	};
	objectVersion = 77;
	objects = {

/* Begin PBXBuildFile section */
		006D2DD488CA207E3705D551 /* GeneralSettingsView.swift in Sources */ = {isa = PBXBuildFile; fileRef = 23A5AFB96BEA7394DF0CE297 /* GeneralSettingsView.swift */; };
		02795B7AB1BACFFDE6DED1AE /* ClipboardItemCell.swift in Sources */ = {isa = PBXBuildFile; fileRef = 622467C6217E432E4836F1B8 /* ClipboardItemCell.swift */; };
		05ADAE2E26DFF14ED25C34ED /* ClipboardItem.swift in Sources */ = {isa = PBXBuildFile; fileRef = 3B570E53EA4BF939EFF85CB0 /* ClipboardItem.swift */; };
		077D8A5DC7D96CB8E693840F /* TrialManager.swift in Sources */ = {isa = PBXBuildFile; fileRef = 5522CCA95CE23C650E9E2D84 /* TrialManager.swift */; };
		21C95A9941374768D23C7ED3 /* CaseTransforms.swift in Sources */ = {isa = PBXBuildFile; fileRef = 3C3E6B381C201FE51B36934F /* CaseTransforms.swift */; };
		2C8BFB7A1DD32872BD7EB25C /* AppKit.framework in Frameworks */ = {isa = PBXBuildFile; fileRef = 7FAB06582089EC66813B3C37 /* AppKit.framework */; };
		32F78CD3E0DEB0ABD8C85ABC /* PasteEngine.swift in Sources */ = {isa = PBXBuildFile; fileRef = BF127875F694D93EE20011CD /* PasteEngine.swift */; };
		4456B6C7236012A6B6B9A47F /* Transform.swift in Sources */ = {isa = PBXBuildFile; fileRef = 6CCDF59448D894586B4C3ED5 /* Transform.swift */; };
		46C1A0E39DA073D559658AFF /* JSONTransforms.swift in Sources */ = {isa = PBXBuildFile; fileRef = 0E591F7FCD0420F7CE1E662B /* JSONTransforms.swift */; };
		4CFDDB2189C1A0445AD19562 /* TransformSettingsView.swift in Sources */ = {isa = PBXBuildFile; fileRef = 9587B63A29F8EB7206577ABF /* TransformSettingsView.swift */; };
		53FF4144410803573408633F /* CoreGraphics.framework in Frameworks */ = {isa = PBXBuildFile; fileRef = 0288FB4CC9F9A13988866E1F /* CoreGraphics.framework */; };
		55208668535985F5F3421863 /* MenuBarManager.swift in Sources */ = {isa = PBXBuildFile; fileRef = 9E0E868B8F28FE47B464E5CB /* MenuBarManager.swift */; };
		56A35ABAD9C788F615F06413 /* ContentDetector.swift in Sources */ = {isa = PBXBuildFile; fileRef = B05E3DD453818F2CB942E02F /* ContentDetector.swift */; };
		58CCBACADF3ABF1946FAB45B /* TransformRegistry.swift in Sources */ = {isa = PBXBuildFile; fileRef = 67D213F16A0AC6FA1FE384DE /* TransformRegistry.swift */; };
		5EA85864F6AAE6DCB3283455 /* WhitespaceTransforms.swift in Sources */ = {isa = PBXBuildFile; fileRef = 618519093FA14CA2CA92A9F1 /* WhitespaceTransforms.swift */; };
		734A271F5B3203B2DB3EA55B /* StoreKit.framework in Frameworks */ = {isa = PBXBuildFile; fileRef = B63E4B863402930540D71DA2 /* StoreKit.framework */; };
		7BB6E62A2EF34A061E65D941 /* PurchaseManager.swift in Sources */ = {isa = PBXBuildFile; fileRef = 66A5676946ACDB317737F23D /* PurchaseManager.swift */; };
		89D7DC807EC7CE6B3C35AFC0 /* SettingsWindowController.swift in Sources */ = {isa = PBXBuildFile; fileRef = CD41941A5D347B62F9F5A170 /* SettingsWindowController.swift */; };
		8B77D55996558D1ECF856F2F /* TransformPickerView.swift in Sources */ = {isa = PBXBuildFile; fileRef = 419F824B60EB936623BE87B5 /* TransformPickerView.swift */; };
		8F455C72694B5B784CE27933 /* AppDelegate.swift in Sources */ = {isa = PBXBuildFile; fileRef = B3D00CCB380C2817B16342AC /* AppDelegate.swift */; };
		9267329FDF3D6321C7788818 /* AboutSettingsView.swift in Sources */ = {isa = PBXBuildFile; fileRef = D06F6228699CED3BF8DCCB58 /* AboutSettingsView.swift */; };
		9750A5466AEEE46E1A36C0A8 /* ServiceManagement.framework in Frameworks */ = {isa = PBXBuildFile; fileRef = 99BE49504040B46251222B8B /* ServiceManagement.framework */; };
		A303665DABC7A8AC298E3463 /* ListTransforms.swift in Sources */ = {isa = PBXBuildFile; fileRef = 2A7977D9EE5A9B7EBC7ADEC2 /* ListTransforms.swift */; };
		A4237B395CC092A441E8BE33 /* Notifications.swift in Sources */ = {isa = PBXBuildFile; fileRef = FC84B0B2B949956567FB2CB6 /* Notifications.swift */; };
		A63DC1357DCFFFF36C822632 /* Carbon.framework in Frameworks */ = {isa = PBXBuildFile; fileRef = F601CC758ED8B9BD5DC7A94F /* Carbon.framework */; };
		A69C7EE635FCFD3AA27937A7 /* ClipboardPanel.swift in Sources */ = {isa = PBXBuildFile; fileRef = 50D3ACD48CF4879C7DABADFE /* ClipboardPanel.swift */; };
		ACEA7198F751677B2EA8D74E /* SettingsView.swift in Sources */ = {isa = PBXBuildFile; fileRef = 2B6BC7BAF287A3E327D21949 /* SettingsView.swift */; };
		BB50FC21AE05276A2405893F /* LaunchAtLoginManager.swift in Sources */ = {isa = PBXBuildFile; fileRef = 192A817B2959849176E4C947 /* LaunchAtLoginManager.swift */; };
		BEF672C1CF1F8D46AC5D1AF9 /* Foundation.framework in Frameworks */ = {isa = PBXBuildFile; fileRef = 9AE04C57407AE8D575A58EBC /* Foundation.framework */; };
		CED5807570516A9BF5497400 /* OnboardingWindowController.swift in Sources */ = {isa = PBXBuildFile; fileRef = 08A90FA67AFA4CBCADD7C5A4 /* OnboardingWindowController.swift */; };
		CF3BD838696EE96DE7CC2585 /* ClipboardStore.swift in Sources */ = {isa = PBXBuildFile; fileRef = EED1B184D26EA5A2E6BD4ADC /* ClipboardStore.swift */; };
		D49D4A9129F67B259CEFA22A /* EncodingTransforms.swift in Sources */ = {isa = PBXBuildFile; fileRef = 803146B366B6FBA7B1422CE0 /* EncodingTransforms.swift */; };
		E21EA5AB819FF6102A90652D /* ClipboardMonitor.swift in Sources */ = {isa = PBXBuildFile; fileRef = 94668DB915153E241F2215FF /* ClipboardMonitor.swift */; };
		EAB18B4770534149ACAA2977 /* main.swift in Sources */ = {isa = PBXBuildFile; fileRef = FFA4A934A831AD0998F20B05 /* main.swift */; };
		EC9B6DB3B023D902F520AB94 /* ClipboardPanelVC.swift in Sources */ = {isa = PBXBuildFile; fileRef = FEAD2859163838DD908D6287 /* ClipboardPanelVC.swift */; };
		F2E2DFE300D821448F98BB7F /* CleanupTransforms.swift in Sources */ = {isa = PBXBuildFile; fileRef = 931BFC74C25ADD7DA3ECB0CB /* CleanupTransforms.swift */; };
/* End PBXBuildFile section */

/* Begin PBXFileReference section */
		0288FB4CC9F9A13988866E1F /* CoreGraphics.framework */ = {isa = PBXFileReference; lastKnownFileType = wrapper.framework; name = CoreGraphics.framework; path = System/Library/Frameworks/CoreGraphics.framework; sourceTree = SDKROOT; };
		08A90FA67AFA4CBCADD7C5A4 /* OnboardingWindowController.swift */ = {isa = PBXFileReference; lastKnownFileType = sourcecode.swift; path = OnboardingWindowController.swift; sourceTree = "<group>"; };
		0E591F7FCD0420F7CE1E662B /* JSONTransforms.swift */ = {isa = PBXFileReference; lastKnownFileType = sourcecode.swift; path = JSONTransforms.swift; sourceTree = "<group>"; };
		192A817B2959849176E4C947 /* LaunchAtLoginManager.swift */ = {isa = PBXFileReference; lastKnownFileType = sourcecode.swift; path = LaunchAtLoginManager.swift; sourceTree = "<group>"; };
		23A5AFB96BEA7394DF0CE297 /* GeneralSettingsView.swift */ = {isa = PBXFileReference; lastKnownFileType = sourcecode.swift; path = GeneralSettingsView.swift; sourceTree = "<group>"; };
		2A7977D9EE5A9B7EBC7ADEC2 /* ListTransforms.swift */ = {isa = PBXFileReference; lastKnownFileType = sourcecode.swift; path = ListTransforms.swift; sourceTree = "<group>"; };
		2B6BC7BAF287A3E327D21949 /* SettingsView.swift */ = {isa = PBXFileReference; lastKnownFileType = sourcecode.swift; path = SettingsView.swift; sourceTree = "<group>"; };
		3B570E53EA4BF939EFF85CB0 /* ClipboardItem.swift */ = {isa = PBXFileReference; lastKnownFileType = sourcecode.swift; path = ClipboardItem.swift; sourceTree = "<group>"; };
		3C3E6B381C201FE51B36934F /* CaseTransforms.swift */ = {isa = PBXFileReference; lastKnownFileType = sourcecode.swift; path = CaseTransforms.swift; sourceTree = "<group>"; };
		419F824B60EB936623BE87B5 /* TransformPickerView.swift */ = {isa = PBXFileReference; lastKnownFileType = sourcecode.swift; path = TransformPickerView.swift; sourceTree = "<group>"; };
		50D3ACD48CF4879C7DABADFE /* ClipboardPanel.swift */ = {isa = PBXFileReference; lastKnownFileType = sourcecode.swift; path = ClipboardPanel.swift; sourceTree = "<group>"; };
		5522CCA95CE23C650E9E2D84 /* TrialManager.swift */ = {isa = PBXFileReference; lastKnownFileType = sourcecode.swift; path = TrialManager.swift; sourceTree = "<group>"; };
		618519093FA14CA2CA92A9F1 /* WhitespaceTransforms.swift */ = {isa = PBXFileReference; lastKnownFileType = sourcecode.swift; path = WhitespaceTransforms.swift; sourceTree = "<group>"; };
		622467C6217E432E4836F1B8 /* ClipboardItemCell.swift */ = {isa = PBXFileReference; lastKnownFileType = sourcecode.swift; path = ClipboardItemCell.swift; sourceTree = "<group>"; };
		66A5676946ACDB317737F23D /* PurchaseManager.swift */ = {isa = PBXFileReference; lastKnownFileType = sourcecode.swift; path = PurchaseManager.swift; sourceTree = "<group>"; };
		67D213F16A0AC6FA1FE384DE /* TransformRegistry.swift */ = {isa = PBXFileReference; lastKnownFileType = sourcecode.swift; path = TransformRegistry.swift; sourceTree = "<group>"; };
		6CCDF59448D894586B4C3ED5 /* Transform.swift */ = {isa = PBXFileReference; lastKnownFileType = sourcecode.swift; path = Transform.swift; sourceTree = "<group>"; };
		7FAB06582089EC66813B3C37 /* AppKit.framework */ = {isa = PBXFileReference; lastKnownFileType = wrapper.framework; name = AppKit.framework; path = System/Library/Frameworks/AppKit.framework; sourceTree = SDKROOT; };
		803146B366B6FBA7B1422CE0 /* EncodingTransforms.swift */ = {isa = PBXFileReference; lastKnownFileType = sourcecode.swift; path = EncodingTransforms.swift; sourceTree = "<group>"; };
		8BA3A62496D3F1DAF7466BDB /* Distill.app */ = {isa = PBXFileReference; explicitFileType = wrapper.application; includeInIndex = 0; path = Distill.app; sourceTree = BUILT_PRODUCTS_DIR; };
		931BFC74C25ADD7DA3ECB0CB /* CleanupTransforms.swift */ = {isa = PBXFileReference; lastKnownFileType = sourcecode.swift; path = CleanupTransforms.swift; sourceTree = "<group>"; };
		94668DB915153E241F2215FF /* ClipboardMonitor.swift */ = {isa = PBXFileReference; lastKnownFileType = sourcecode.swift; path = ClipboardMonitor.swift; sourceTree = "<group>"; };
		9587B63A29F8EB7206577ABF /* TransformSettingsView.swift */ = {isa = PBXFileReference; lastKnownFileType = sourcecode.swift; path = TransformSettingsView.swift; sourceTree = "<group>"; };
		99BE49504040B46251222B8B /* ServiceManagement.framework */ = {isa = PBXFileReference; lastKnownFileType = wrapper.framework; name = ServiceManagement.framework; path = System/Library/Frameworks/ServiceManagement.framework; sourceTree = SDKROOT; };
		9AE04C57407AE8D575A58EBC /* Foundation.framework */ = {isa = PBXFileReference; lastKnownFileType = wrapper.framework; name = Foundation.framework; path = System/Library/Frameworks/Foundation.framework; sourceTree = SDKROOT; };
		9E0E868B8F28FE47B464E5CB /* MenuBarManager.swift */ = {isa = PBXFileReference; lastKnownFileType = sourcecode.swift; path = MenuBarManager.swift; sourceTree = "<group>"; };
		B05E3DD453818F2CB942E02F /* ContentDetector.swift */ = {isa = PBXFileReference; lastKnownFileType = sourcecode.swift; path = ContentDetector.swift; sourceTree = "<group>"; };
		B3D00CCB380C2817B16342AC /* AppDelegate.swift */ = {isa = PBXFileReference; lastKnownFileType = sourcecode.swift; path = AppDelegate.swift; sourceTree = "<group>"; };
		B63E4B863402930540D71DA2 /* StoreKit.framework */ = {isa = PBXFileReference; lastKnownFileType = wrapper.framework; name = StoreKit.framework; path = System/Library/Frameworks/StoreKit.framework; sourceTree = SDKROOT; };
		BF127875F694D93EE20011CD /* PasteEngine.swift */ = {isa = PBXFileReference; lastKnownFileType = sourcecode.swift; path = PasteEngine.swift; sourceTree = "<group>"; };
		CD41941A5D347B62F9F5A170 /* SettingsWindowController.swift */ = {isa = PBXFileReference; lastKnownFileType = sourcecode.swift; path = SettingsWindowController.swift; sourceTree = "<group>"; };
		D06F6228699CED3BF8DCCB58 /* AboutSettingsView.swift */ = {isa = PBXFileReference; lastKnownFileType = sourcecode.swift; path = AboutSettingsView.swift; sourceTree = "<group>"; };
		EED1B184D26EA5A2E6BD4ADC /* ClipboardStore.swift */ = {isa = PBXFileReference; lastKnownFileType = sourcecode.swift; path = ClipboardStore.swift; sourceTree = "<group>"; };
		F601CC758ED8B9BD5DC7A94F /* Carbon.framework */ = {isa = PBXFileReference; lastKnownFileType = wrapper.framework; name = Carbon.framework; path = System/Library/Frameworks/Carbon.framework; sourceTree = SDKROOT; };
		FC84B0B2B949956567FB2CB6 /* Notifications.swift */ = {isa = PBXFileReference; lastKnownFileType = sourcecode.swift; path = Notifications.swift; sourceTree = "<group>"; };
		FEAD2859163838DD908D6287 /* ClipboardPanelVC.swift */ = {isa = PBXFileReference; lastKnownFileType = sourcecode.swift; path = ClipboardPanelVC.swift; sourceTree = "<group>"; };
		FFA4A934A831AD0998F20B05 /* main.swift */ = {isa = PBXFileReference; lastKnownFileType = sourcecode.swift; path = main.swift; sourceTree = "<group>"; };
/* End PBXFileReference section */

/* Begin PBXFrameworksBuildPhase section */
		3BBDB466F3D5E2357837148A /* Frameworks */ = {
			isa = PBXFrameworksBuildPhase;
			buildActionMask = 2147483647;
			files = (
				2C8BFB7A1DD32872BD7EB25C /* AppKit.framework in Frameworks */,
				BEF672C1CF1F8D46AC5D1AF9 /* Foundation.framework in Frameworks */,
				A63DC1357DCFFFF36C822632 /* Carbon.framework in Frameworks */,
				9750A5466AEEE46E1A36C0A8 /* ServiceManagement.framework in Frameworks */,
				734A271F5B3203B2DB3EA55B /* StoreKit.framework in Frameworks */,
				53FF4144410803573408633F /* CoreGraphics.framework in Frameworks */,
			);
			runOnlyForDeploymentPostprocessing = 0;
		};
/* End PBXFrameworksBuildPhase section */

/* Begin PBXGroup section */
		0B685FE64AB63A6CDFF873C4 /* UI */ = {
			isa = PBXGroup;
			children = (
				F91166280C28C785BCBE1ECE /* MenuBar */,
				9B22F8BCD7DD5EED01A37B7C /* Onboarding */,
				2103ABBD51CBDEA8FEC0BA8A /* Panel */,
				7A5B672D1B132AD14741AF31 /* Settings */,
			);
			name = UI;
			path = Distill/UI;
			sourceTree = "<group>";
		};
		0D2E703015026732DA95392C /* App */ = {
			isa = PBXGroup;
			children = (
				676D08C53D43699E6ED44110 /* App */,
			);
			name = App;
			sourceTree = "<group>";
		};
		139A3D12D2421964321E1FE6 /* Monetization */ = {
			isa = PBXGroup;
			children = (
				192A817B2959849176E4C947 /* LaunchAtLoginManager.swift */,
				66A5676946ACDB317737F23D /* PurchaseManager.swift */,
				5522CCA95CE23C650E9E2D84 /* TrialManager.swift */,
			);
			name = Monetization;
			path = Distill/Monetization;
			sourceTree = "<group>";
		};
		1A2430123F7CDF0F525E91E1 /* Frameworks */ = {
			isa = PBXGroup;
			children = (
				7FAB06582089EC66813B3C37 /* AppKit.framework */,
				F601CC758ED8B9BD5DC7A94F /* Carbon.framework */,
				0288FB4CC9F9A13988866E1F /* CoreGraphics.framework */,
				9AE04C57407AE8D575A58EBC /* Foundation.framework */,
				99BE49504040B46251222B8B /* ServiceManagement.framework */,
				B63E4B863402930540D71DA2 /* StoreKit.framework */,
			);
			name = Frameworks;
			sourceTree = "<group>";
		};
		1CADF2F33F54A46EFABC305C = {
			isa = PBXGroup;
			children = (
				0D2E703015026732DA95392C /* App */,
				85EBC282DA32688220294A8B /* Clipboard */,
				7A78108C48545E971DF58463 /* Distill */,
				44B4E9CA81F31BC1ED21A047 /* Monetization */,
				BF540ACB7388961E261389C2 /* Transforms */,
				94A47F7D558E460C02EE1008 /* UI */,
				1A2430123F7CDF0F525E91E1 /* Frameworks */,
				5CB0BE5E742AA75D122B3E9B /* Products */,
			);
			sourceTree = "<group>";
		};
		2103ABBD51CBDEA8FEC0BA8A /* Panel */ = {
			isa = PBXGroup;
			children = (
				622467C6217E432E4836F1B8 /* ClipboardItemCell.swift */,
				50D3ACD48CF4879C7DABADFE /* ClipboardPanel.swift */,
				FEAD2859163838DD908D6287 /* ClipboardPanelVC.swift */,
				BF127875F694D93EE20011CD /* PasteEngine.swift */,
				419F824B60EB936623BE87B5 /* TransformPickerView.swift */,
			);
			path = Panel;
			sourceTree = "<group>";
		};
		3FCAEC5C57D265A5DCF656EA /* Transforms */ = {
			isa = PBXGroup;
			children = (
				E26F3B85BD1010F99641D0D4 /* Transforms */,
				B05E3DD453818F2CB942E02F /* ContentDetector.swift */,
				6CCDF59448D894586B4C3ED5 /* Transform.swift */,
				67D213F16A0AC6FA1FE384DE /* TransformRegistry.swift */,
			);
			name = Transforms;
			path = Distill/Transforms;
			sourceTree = "<group>";
		};
		44B4E9CA81F31BC1ED21A047 /* Monetization */ = {
			isa = PBXGroup;
			children = (
				139A3D12D2421964321E1FE6 /* Monetization */,
			);
			name = Monetization;
			sourceTree = "<group>";
		};
		5CB0BE5E742AA75D122B3E9B /* Products */ = {
			isa = PBXGroup;
			children = (
				8BA3A62496D3F1DAF7466BDB /* Distill.app */,
			);
			name = Products;
			sourceTree = "<group>";
		};
		676D08C53D43699E6ED44110 /* App */ = {
			isa = PBXGroup;
			children = (
				B3D00CCB380C2817B16342AC /* AppDelegate.swift */,
				FFA4A934A831AD0998F20B05 /* main.swift */,
				FC84B0B2B949956567FB2CB6 /* Notifications.swift */,
			);
			name = App;
			path = Distill/App;
			sourceTree = "<group>";
		};
		7A5B672D1B132AD14741AF31 /* Settings */ = {
			isa = PBXGroup;
			children = (
				D06F6228699CED3BF8DCCB58 /* AboutSettingsView.swift */,
				23A5AFB96BEA7394DF0CE297 /* GeneralSettingsView.swift */,
				2B6BC7BAF287A3E327D21949 /* SettingsView.swift */,
				CD41941A5D347B62F9F5A170 /* SettingsWindowController.swift */,
				9587B63A29F8EB7206577ABF /* TransformSettingsView.swift */,
			);
			path = Settings;
			sourceTree = "<group>";
		};
		7A78108C48545E971DF58463 /* Distill */ = {
			isa = PBXGroup;
			children = (
				676D08C53D43699E6ED44110 /* App */,
				C458C006E833859768BF96D6 /* Clipboard */,
				139A3D12D2421964321E1FE6 /* Monetization */,
				3FCAEC5C57D265A5DCF656EA /* Transforms */,
				0B685FE64AB63A6CDFF873C4 /* UI */,
			);
			path = Distill;
			sourceTree = "<group>";
		};
		85EBC282DA32688220294A8B /* Clipboard */ = {
			isa = PBXGroup;
			children = (
				C458C006E833859768BF96D6 /* Clipboard */,
			);
			name = Clipboard;
			sourceTree = "<group>";
		};
		94A47F7D558E460C02EE1008 /* UI */ = {
			isa = PBXGroup;
			children = (
				0B685FE64AB63A6CDFF873C4 /* UI */,
			);
			name = UI;
			sourceTree = "<group>";
		};
		9B22F8BCD7DD5EED01A37B7C /* Onboarding */ = {
			isa = PBXGroup;
			children = (
				08A90FA67AFA4CBCADD7C5A4 /* OnboardingWindowController.swift */,
			);
			path = Onboarding;
			sourceTree = "<group>";
		};
		BF540ACB7388961E261389C2 /* Transforms */ = {
			isa = PBXGroup;
			children = (
				3FCAEC5C57D265A5DCF656EA /* Transforms */,
			);
			name = Transforms;
			sourceTree = "<group>";
		};
		C458C006E833859768BF96D6 /* Clipboard */ = {
			isa = PBXGroup;
			children = (
				3B570E53EA4BF939EFF85CB0 /* ClipboardItem.swift */,
				94668DB915153E241F2215FF /* ClipboardMonitor.swift */,
				EED1B184D26EA5A2E6BD4ADC /* ClipboardStore.swift */,
			);
			name = Clipboard;
			path = Distill/Clipboard;
			sourceTree = "<group>";
		};
		E26F3B85BD1010F99641D0D4 /* Transforms */ = {
			isa = PBXGroup;
			children = (
				3C3E6B381C201FE51B36934F /* CaseTransforms.swift */,
				931BFC74C25ADD7DA3ECB0CB /* CleanupTransforms.swift */,
				803146B366B6FBA7B1422CE0 /* EncodingTransforms.swift */,
				0E591F7FCD0420F7CE1E662B /* JSONTransforms.swift */,
				2A7977D9EE5A9B7EBC7ADEC2 /* ListTransforms.swift */,
				618519093FA14CA2CA92A9F1 /* WhitespaceTransforms.swift */,
			);
			path = Transforms;
			sourceTree = "<group>";
		};
		F91166280C28C785BCBE1ECE /* MenuBar */ = {
			isa = PBXGroup;
			children = (
				9E0E868B8F28FE47B464E5CB /* MenuBarManager.swift */,
			);
			path = MenuBar;
			sourceTree = "<group>";
		};
/* End PBXGroup section */

/* Begin PBXNativeTarget section */
		0818FD16765DFB71A0281A43 /* Distill */ = {
			isa = PBXNativeTarget;
			buildConfigurationList = 2633ACC6C06582A2D763DED0 /* Build configuration list for PBXNativeTarget "Distill" */;
			buildPhases = (
				81A04F4DE9C66048AD371049 /* Sources */,
				3BBDB466F3D5E2357837148A /* Frameworks */,
			);
			buildRules = (
			);
			dependencies = (
			);
			name = Distill;
			packageProductDependencies = (
			);
			productName = Distill;
			productReference = 8BA3A62496D3F1DAF7466BDB /* Distill.app */;
			productType = "com.apple.product-type.application";
		};
/* End PBXNativeTarget section */

/* Begin PBXProject section */
		C010029296CEF4CB467793F8 /* Project object */ = {
			isa = PBXProject;
			attributes = {
				BuildIndependentTargetsInParallel = YES;
				LastUpgradeCheck = 1600;
				TargetAttributes = {
					0818FD16765DFB71A0281A43 = {
						DevelopmentTeam = 4PMSUCCX7P;
						ProvisioningStyle = Automatic;
					};
				};
			};
			buildConfigurationList = 32BA8CF14C03FD99D84B9934 /* Build configuration list for PBXProject "Distill" */;
			developmentRegion = en;
			hasScannedForEncodings = 0;
			knownRegions = (
				Base,
				en,
			);
			mainGroup = 1CADF2F33F54A46EFABC305C;
			minimizedProjectReferenceProxies = 1;
			preferredProjectObjectVersion = 77;
			productRefGroup = 5CB0BE5E742AA75D122B3E9B /* Products */;
			projectDirPath = "";
			projectRoot = "";
			targets = (
				0818FD16765DFB71A0281A43 /* Distill */,
			);
		};
/* End PBXProject section */

/* Begin PBXSourcesBuildPhase section */
		81A04F4DE9C66048AD371049 /* Sources */ = {
			isa = PBXSourcesBuildPhase;
			buildActionMask = 2147483647;
			files = (
				9267329FDF3D6321C7788818 /* AboutSettingsView.swift in Sources */,
				8F455C72694B5B784CE27933 /* AppDelegate.swift in Sources */,
				21C95A9941374768D23C7ED3 /* CaseTransforms.swift in Sources */,
				F2E2DFE300D821448F98BB7F /* CleanupTransforms.swift in Sources */,
				05ADAE2E26DFF14ED25C34ED /* ClipboardItem.swift in Sources */,
				02795B7AB1BACFFDE6DED1AE /* ClipboardItemCell.swift in Sources */,
				E21EA5AB819FF6102A90652D /* ClipboardMonitor.swift in Sources */,
				A69C7EE635FCFD3AA27937A7 /* ClipboardPanel.swift in Sources */,
				EC9B6DB3B023D902F520AB94 /* ClipboardPanelVC.swift in Sources */,
				CF3BD838696EE96DE7CC2585 /* ClipboardStore.swift in Sources */,
				56A35ABAD9C788F615F06413 /* ContentDetector.swift in Sources */,
				D49D4A9129F67B259CEFA22A /* EncodingTransforms.swift in Sources */,
				006D2DD488CA207E3705D551 /* GeneralSettingsView.swift in Sources */,
				46C1A0E39DA073D559658AFF /* JSONTransforms.swift in Sources */,
				BB50FC21AE05276A2405893F /* LaunchAtLoginManager.swift in Sources */,
				A303665DABC7A8AC298E3463 /* ListTransforms.swift in Sources */,
				55208668535985F5F3421863 /* MenuBarManager.swift in Sources */,
				A4237B395CC092A441E8BE33 /* Notifications.swift in Sources */,
				CED5807570516A9BF5497400 /* OnboardingWindowController.swift in Sources */,
				32F78CD3E0DEB0ABD8C85ABC /* PasteEngine.swift in Sources */,
				7BB6E62A2EF34A061E65D941 /* PurchaseManager.swift in Sources */,
				ACEA7198F751677B2EA8D74E /* SettingsView.swift in Sources */,
				89D7DC807EC7CE6B3C35AFC0 /* SettingsWindowController.swift in Sources */,
				4456B6C7236012A6B6B9A47F /* Transform.swift in Sources */,
				8B77D55996558D1ECF856F2F /* TransformPickerView.swift in Sources */,
				58CCBACADF3ABF1946FAB45B /* TransformRegistry.swift in Sources */,
				4CFDDB2189C1A0445AD19562 /* TransformSettingsView.swift in Sources */,
				077D8A5DC7D96CB8E693840F /* TrialManager.swift in Sources */,
				5EA85864F6AAE6DCB3283455 /* WhitespaceTransforms.swift in Sources */,
				EAB18B4770534149ACAA2977 /* main.swift in Sources */,
			);
			runOnlyForDeploymentPostprocessing = 0;
		};
/* End PBXSourcesBuildPhase section */

/* Begin XCBuildConfiguration section */
		12622BA68BDA8DB62E48DC4C /* Debug */ = {
			isa = XCBuildConfiguration;
			buildSettings = {
				ALWAYS_EMBED_SWIFT_STANDARD_LIBRARIES = YES;
				ASSETCATALOG_COMPILER_APPICON_NAME = AppIcon;
				ASSETCATALOG_COMPILER_GLOBAL_ACCENT_COLOR_NAME = AccentColor;
				CODE_SIGN_ENTITLEMENTS = Distill/Resources/Distill.entitlements;
				CODE_SIGN_STYLE = Automatic;
				COMBINE_HIDPI_IMAGES = YES;
				DEBUG_INFORMATION_FORMAT = dwarf;
				DEVELOPMENT_TEAM = 4PMSUCCX7P;
				ENABLE_APP_SANDBOX = YES;
				ENABLE_HARDENED_RUNTIME = YES;
				GCC_PREPROCESSOR_DEFINITIONS = (
					"$(inherited)",
				);
				INFOPLIST_FILE = Distill/Resources/Info.plist;
				LD_RUNPATH_SEARCH_PATHS = "$(inherited) @executable_path/../Frameworks";
				MACOSX_DEPLOYMENT_TARGET = 13.0;
				ONLY_ACTIVE_ARCH = YES;
				PRODUCT_BUNDLE_IDENTIFIER = com.zeyadamer.distill;
				PRODUCT_NAME = Distill;
				SDKROOT = macosx;
				SWIFT_OPTIMIZATION_LEVEL = "-Onone";
				SWIFT_STRICT_CONCURRENCY = minimal;
				SWIFT_VERSION = 5.9;
			};
			name = Debug;
		};
		2BB9599A8D5DE964D64900DA /* Debug */ = {
			isa = XCBuildConfiguration;
			buildSettings = {
				ALWAYS_SEARCH_USER_PATHS = NO;
				CLANG_ANALYZER_NONNULL = YES;
				CLANG_ANALYZER_NUMBER_OBJECT_CONVERSION = YES_AGGRESSIVE;
				CLANG_CXX_LANGUAGE_STANDARD = "gnu++14";
				CLANG_CXX_LIBRARY = "libc++";
				CLANG_ENABLE_MODULES = YES;
				CLANG_ENABLE_OBJC_ARC = YES;
				CLANG_ENABLE_OBJC_WEAK = YES;
				CLANG_WARN_BLOCK_CAPTURE_AUTORELEASING = YES;
				CLANG_WARN_BOOL_CONVERSION = YES;
				CLANG_WARN_COMMA = YES;
				CLANG_WARN_CONSTANT_CONVERSION = YES;
				CLANG_WARN_DEPRECATED_OBJC_IMPLEMENTATIONS = YES;
				CLANG_WARN_DIRECT_OBJC_ISA_USAGE = YES_ERROR;
				CLANG_WARN_DOCUMENTATION_COMMENTS = YES;
				CLANG_WARN_EMPTY_BODY = YES;
				CLANG_WARN_ENUM_CONVERSION = YES;
				CLANG_WARN_INFINITE_RECURSION = YES;
				CLANG_WARN_INT_CONVERSION = YES;
				CLANG_WARN_NON_LITERAL_NULL_CONVERSION = YES;
				CLANG_WARN_OBJC_IMPLICIT_RETAIN_SELF = YES;
				CLANG_WARN_OBJC_LITERAL_CONVERSION = YES;
				CLANG_WARN_OBJC_ROOT_CLASS = YES_ERROR;
				CLANG_WARN_QUOTED_INCLUDE_IN_FRAMEWORK_HEADER = YES;
				CLANG_WARN_RANGE_LOOP_ANALYSIS = YES;
				CLANG_WARN_STRICT_PROTOTYPES = YES;
				CLANG_WARN_SUSPICIOUS_MOVE = YES;
				CLANG_WARN_UNGUARDED_AVAILABILITY = YES_AGGRESSIVE;
				CLANG_WARN_UNREACHABLE_CODE = YES;
				CLANG_WARN__DUPLICATE_METHOD_MATCH = YES;
				COPY_PHASE_STRIP = NO;
				DEBUG_INFORMATION_FORMAT = dwarf;
				ENABLE_HARDENED_RUNTIME = YES;
				ENABLE_STRICT_OBJC_MSGSEND = YES;
				ENABLE_TESTABILITY = YES;
				GCC_C_LANGUAGE_STANDARD = gnu11;
				GCC_DYNAMIC_NO_PIC = NO;
				GCC_NO_COMMON_BLOCKS = YES;
				GCC_OPTIMIZATION_LEVEL = 0;
				GCC_PREPROCESSOR_DEFINITIONS = (
					"$(inherited)",
					"DEBUG=1",
				);
				GCC_WARN_64_TO_32_BIT_CONVERSION = YES;
				GCC_WARN_ABOUT_RETURN_TYPE = YES_ERROR;
				GCC_WARN_UNDECLARED_SELECTOR = YES;
				GCC_WARN_UNINITIALIZED_AUTOS = YES_AGGRESSIVE;
				GCC_WARN_UNUSED_FUNCTION = YES;
				GCC_WARN_UNUSED_VARIABLE = YES;
				MACOSX_DEPLOYMENT_TARGET = 13.0;
				MTL_ENABLE_DEBUG_INFO = INCLUDE_SOURCE;
				MTL_FAST_MATH = YES;
				ONLY_ACTIVE_ARCH = YES;
				PRODUCT_NAME = "$(TARGET_NAME)";
				SDKROOT = macosx;
				SWIFT_ACTIVE_COMPILATION_CONDITIONS = DEBUG;
				SWIFT_OPTIMIZATION_LEVEL = "-Onone";
				SWIFT_VERSION = 5.9;
			};
			name = Debug;
		};
		583D3CEB111B3259BE1807F0 /* Release */ = {
			isa = XCBuildConfiguration;
			buildSettings = {
				ALWAYS_EMBED_SWIFT_STANDARD_LIBRARIES = YES;
				ASSETCATALOG_COMPILER_APPICON_NAME = AppIcon;
				ASSETCATALOG_COMPILER_GLOBAL_ACCENT_COLOR_NAME = AccentColor;
				CODE_SIGN_ENTITLEMENTS = Distill/Resources/Distill.entitlements;
				CODE_SIGN_STYLE = Automatic;
				COMBINE_HIDPI_IMAGES = YES;
				DEBUG_INFORMATION_FORMAT = "dwarf-with-dsym";
				DEVELOPMENT_TEAM = 4PMSUCCX7P;
				ENABLE_APP_SANDBOX = YES;
				ENABLE_HARDENED_RUNTIME = YES;
				GCC_PREPROCESSOR_DEFINITIONS = (
					"$(inherited)",
				);
				INFOPLIST_FILE = Distill/Resources/Info.plist;
				LD_RUNPATH_SEARCH_PATHS = "$(inherited) @executable_path/../Frameworks";
				MACOSX_DEPLOYMENT_TARGET = 13.0;
				ONLY_ACTIVE_ARCH = NO;
				PRODUCT_BUNDLE_IDENTIFIER = com.zeyadamer.distill;
				PRODUCT_NAME = Distill;
				SDKROOT = macosx;
				SWIFT_OPTIMIZATION_LEVEL = "-O";
				SWIFT_STRICT_CONCURRENCY = minimal;
				SWIFT_VERSION = 5.9;
				VALIDATE_PRODUCT = YES;
			};
			name = Release;
		};
		E6313A3DE10EC1FF052BBC3B /* Release */ = {
			isa = XCBuildConfiguration;
			buildSettings = {
				ALWAYS_SEARCH_USER_PATHS = NO;
				CLANG_ANALYZER_NONNULL = YES;
				CLANG_ANALYZER_NUMBER_OBJECT_CONVERSION = YES_AGGRESSIVE;
				CLANG_CXX_LANGUAGE_STANDARD = "gnu++14";
				CLANG_CXX_LIBRARY = "libc++";
				CLANG_ENABLE_MODULES = YES;
				CLANG_ENABLE_OBJC_ARC = YES;
				CLANG_ENABLE_OBJC_WEAK = YES;
				CLANG_WARN_BLOCK_CAPTURE_AUTORELEASING = YES;
				CLANG_WARN_BOOL_CONVERSION = YES;
				CLANG_WARN_COMMA = YES;
				CLANG_WARN_CONSTANT_CONVERSION = YES;
				CLANG_WARN_DEPRECATED_OBJC_IMPLEMENTATIONS = YES;
				CLANG_WARN_DIRECT_OBJC_ISA_USAGE = YES_ERROR;
				CLANG_WARN_DOCUMENTATION_COMMENTS = YES;
				CLANG_WARN_EMPTY_BODY = YES;
				CLANG_WARN_ENUM_CONVERSION = YES;
				CLANG_WARN_INFINITE_RECURSION = YES;
				CLANG_WARN_INT_CONVERSION = YES;
				CLANG_WARN_NON_LITERAL_NULL_CONVERSION = YES;
				CLANG_WARN_OBJC_IMPLICIT_RETAIN_SELF = YES;
				CLANG_WARN_OBJC_LITERAL_CONVERSION = YES;
				CLANG_WARN_OBJC_ROOT_CLASS = YES_ERROR;
				CLANG_WARN_QUOTED_INCLUDE_IN_FRAMEWORK_HEADER = YES;
				CLANG_WARN_RANGE_LOOP_ANALYSIS = YES;
				CLANG_WARN_STRICT_PROTOTYPES = YES;
				CLANG_WARN_SUSPICIOUS_MOVE = YES;
				CLANG_WARN_UNGUARDED_AVAILABILITY = YES_AGGRESSIVE;
				CLANG_WARN_UNREACHABLE_CODE = YES;
				CLANG_WARN__DUPLICATE_METHOD_MATCH = YES;
				COPY_PHASE_STRIP = NO;
				DEBUG_INFORMATION_FORMAT = "dwarf-with-dsym";
				ENABLE_HARDENED_RUNTIME = YES;
				ENABLE_NS_ASSERTIONS = NO;
				ENABLE_STRICT_OBJC_MSGSEND = YES;
				GCC_C_LANGUAGE_STANDARD = gnu11;
				GCC_NO_COMMON_BLOCKS = YES;
				GCC_WARN_64_TO_32_BIT_CONVERSION = YES;
				GCC_WARN_ABOUT_RETURN_TYPE = YES_ERROR;
				GCC_WARN_UNDECLARED_SELECTOR = YES;
				GCC_WARN_UNINITIALIZED_AUTOS = YES_AGGRESSIVE;
				GCC_WARN_UNUSED_FUNCTION = YES;
				GCC_WARN_UNUSED_VARIABLE = YES;
				MACOSX_DEPLOYMENT_TARGET = 13.0;
				MTL_ENABLE_DEBUG_INFO = NO;
				MTL_FAST_MATH = YES;
				PRODUCT_NAME = "$(TARGET_NAME)";
				SDKROOT = macosx;
				SWIFT_COMPILATION_MODE = wholemodule;
				SWIFT_OPTIMIZATION_LEVEL = "-O";
				SWIFT_VERSION = 5.9;
			};
			name = Release;
		};
/* End XCBuildConfiguration section */

/* Begin XCConfigurationList section */
		2633ACC6C06582A2D763DED0 /* Build configuration list for PBXNativeTarget "Distill" */ = {
			isa = XCConfigurationList;
			buildConfigurations = (
				12622BA68BDA8DB62E48DC4C /* Debug */,
				583D3CEB111B3259BE1807F0 /* Release */,
			);
			defaultConfigurationIsVisible = 0;
			defaultConfigurationName = Debug;
		};
		32BA8CF14C03FD99D84B9934 /* Build configuration list for PBXProject "Distill" */ = {
			isa = XCConfigurationList;
			buildConfigurations = (
				2BB9599A8D5DE964D64900DA /* Debug */,
				E6313A3DE10EC1FF052BBC3B /* Release */,
			);
			defaultConfigurationIsVisible = 0;
			defaultConfigurationName = Debug;
		};
/* End XCConfigurationList section */
	};
	rootObject = C010029296CEF4CB467793F8 /* Project object */;
}
